// !$*UTF8*$!
{
	archiveVersion = 1;
	classes = {
	};
	objectVersion = 51;
	objects = {

/* Begin PBXBuildFile section */
		0D388A8AD3113191FCD1356A /* Pods_habit_notes_life_tracker_app.framework in Frameworks */ = {isa = PBXBuildFile; fileRef = ED682AFB4F5C06991CFC1E71 /* Pods_habit_notes_life_tracker_app.framework */; };
		6D9CB79A257D685B0078D92B /* TrackerDetailsViewController.swift in Sources */ = {isa = PBXBuildFile; fileRef = 6D9CB799257D685B0078D92B /* TrackerDetailsViewController.swift */; };
		6D9CB79C257D6D010078D92B /* NetworkManager.swift in Sources */ = {isa = PBXBuildFile; fileRef = 6D9CB79B257D6D010078D92B /* NetworkManager.swift */; };
		6DC27DA7257EC74B008F79BC /* AddRecordViewController.swift in Sources */ = {isa = PBXBuildFile; fileRef = 6DC27DA6257EC74B008F79BC /* AddRecordViewController.swift */; };
		6DF772CC2578095A00BB502D /* AppDelegate.swift in Sources */ = {isa = PBXBuildFile; fileRef = 6DF772CB2578095A00BB502D /* AppDelegate.swift */; };
		6DF772CE2578095A00BB502D /* SceneDelegate.swift in Sources */ = {isa = PBXBuildFile; fileRef = 6DF772CD2578095A00BB502D /* SceneDelegate.swift */; };
		6DF772D02578095A00BB502D /* ViewController.swift in Sources */ = {isa = PBXBuildFile; fileRef = 6DF772CF2578095A00BB502D /* ViewController.swift */; };
		6DF772D52578095C00BB502D /* Assets.xcassets in Resources */ = {isa = PBXBuildFile; fileRef = 6DF772D42578095C00BB502D /* Assets.xcassets */; };
		6DF772E025780A7600BB502D /* Models.swift in Sources */ = {isa = PBXBuildFile; fileRef = 6DF772DF25780A7600BB502D /* Models.swift */; };
		706D3C75258039BD008FEC2C /* AddTrackerViewController.swift in Sources */ = {isa = PBXBuildFile; fileRef = 706D3C74258039BD008FEC2C /* AddTrackerViewController.swift */; };
/* End PBXBuildFile section */

/* Begin PBXFileReference section */
		6D9CB799257D685B0078D92B /* TrackerDetailsViewController.swift */ = {isa = PBXFileReference; lastKnownFileType = sourcecode.swift; path = TrackerDetailsViewController.swift; sourceTree = "<group>"; };
		6D9CB79B257D6D010078D92B /* NetworkManager.swift */ = {isa = PBXFileReference; lastKnownFileType = sourcecode.swift; path = NetworkManager.swift; sourceTree = "<group>"; };
		6DC27DA6257EC74B008F79BC /* AddRecordViewController.swift */ = {isa = PBXFileReference; lastKnownFileType = sourcecode.swift; path = AddRecordViewController.swift; sourceTree = "<group>"; };
		6DF772C82578095A00BB502D /* habit-notes-life-tracker-app.app */ = {isa = PBXFileReference; explicitFileType = wrapper.application; includeInIndex = 0; path = "habit-notes-life-tracker-app.app"; sourceTree = BUILT_PRODUCTS_DIR; };
		6DF772CB2578095A00BB502D /* AppDelegate.swift */ = {isa = PBXFileReference; lastKnownFileType = sourcecode.swift; path = AppDelegate.swift; sourceTree = "<group>"; };
		6DF772CD2578095A00BB502D /* SceneDelegate.swift */ = {isa = PBXFileReference; lastKnownFileType = sourcecode.swift; path = SceneDelegate.swift; sourceTree = "<group>"; };
		6DF772CF2578095A00BB502D /* ViewController.swift */ = {isa = PBXFileReference; lastKnownFileType = sourcecode.swift; path = ViewController.swift; sourceTree = "<group>"; };
		6DF772D42578095C00BB502D /* Assets.xcassets */ = {isa = PBXFileReference; lastKnownFileType = folder.assetcatalog; path = Assets.xcassets; sourceTree = "<group>"; };
		6DF772D92578095C00BB502D /* Info.plist */ = {isa = PBXFileReference; lastKnownFileType = text.plist.xml; path = Info.plist; sourceTree = "<group>"; };
		6DF772DF25780A7600BB502D /* Models.swift */ = {isa = PBXFileReference; lastKnownFileType = sourcecode.swift; path = Models.swift; sourceTree = "<group>"; };
		706D3C74258039BD008FEC2C /* AddTrackerViewController.swift */ = {isa = PBXFileReference; lastKnownFileType = sourcecode.swift; path = AddTrackerViewController.swift; sourceTree = "<group>"; };
		8B54DC42CA8E29AEADAF8F9B /* Pods-habit-notes-life-tracker-app.debug.xcconfig */ = {isa = PBXFileReference; includeInIndex = 1; lastKnownFileType = text.xcconfig; name = "Pods-habit-notes-life-tracker-app.debug.xcconfig"; path = "Target Support Files/Pods-habit-notes-life-tracker-app/Pods-habit-notes-life-tracker-app.debug.xcconfig"; sourceTree = "<group>"; };
		ED682AFB4F5C06991CFC1E71 /* Pods_habit_notes_life_tracker_app.framework */ = {isa = PBXFileReference; explicitFileType = wrapper.framework; includeInIndex = 0; path = Pods_habit_notes_life_tracker_app.framework; sourceTree = BUILT_PRODUCTS_DIR; };
		F575EA3086552CF6F2F35BEC /* Pods-habit-notes-life-tracker-app.release.xcconfig */ = {isa = PBXFileReference; includeInIndex = 1; lastKnownFileType = text.xcconfig; name = "Pods-habit-notes-life-tracker-app.release.xcconfig"; path = "Target Support Files/Pods-habit-notes-life-tracker-app/Pods-habit-notes-life-tracker-app.release.xcconfig"; sourceTree = "<group>"; };
/* End PBXFileReference section */

/* Begin PBXFrameworksBuildPhase section */
		6DF772C52578095A00BB502D /* Frameworks */ = {
			isa = PBXFrameworksBuildPhase;
			buildActionMask = 2147483647;
			files = (
				0D388A8AD3113191FCD1356A /* Pods_habit_notes_life_tracker_app.framework in Frameworks */,
			);
			runOnlyForDeploymentPostprocessing = 0;
		};
/* End PBXFrameworksBuildPhase section */

/* Begin PBXGroup section */
		6DF772BF2578095A00BB502D = {
			isa = PBXGroup;
			children = (
				6DF772CA2578095A00BB502D /* habit-notes-life-tracker-app */,
				6DF772C92578095A00BB502D /* Products */,
				DB15B9B68CEE8098CBE3AB50 /* Pods */,
				EFD2610AF659EEDBFDA30743 /* Frameworks */,
			);
			sourceTree = "<group>";
		};
		6DF772C92578095A00BB502D /* Products */ = {
			isa = PBXGroup;
			children = (
				6DF772C82578095A00BB502D /* habit-notes-life-tracker-app.app */,
			);
			name = Products;
			sourceTree = "<group>";
		};
		6DF772CA2578095A00BB502D /* habit-notes-life-tracker-app */ = {
			isa = PBXGroup;
			children = (
				6DF772CB2578095A00BB502D /* AppDelegate.swift */,
				6DF772CD2578095A00BB502D /* SceneDelegate.swift */,
				6DF772CF2578095A00BB502D /* ViewController.swift */,
				706D3C74258039BD008FEC2C /* AddTrackerViewController.swift */,
				6D9CB79B257D6D010078D92B /* NetworkManager.swift */,
				6D9CB799257D685B0078D92B /* TrackerDetailsViewController.swift */,
				6DC27DA6257EC74B008F79BC /* AddRecordViewController.swift */,
				6DF772DF25780A7600BB502D /* Models.swift */,
				6DF772D42578095C00BB502D /* Assets.xcassets */,
				6DF772D92578095C00BB502D /* Info.plist */,
			);
			path = "habit-notes-life-tracker-app";
			sourceTree = "<group>";
		};
		DB15B9B68CEE8098CBE3AB50 /* Pods */ = {
			isa = PBXGroup;
			children = (
				8B54DC42CA8E29AEADAF8F9B /* Pods-habit-notes-life-tracker-app.debug.xcconfig */,
				F575EA3086552CF6F2F35BEC /* Pods-habit-notes-life-tracker-app.release.xcconfig */,
			);
			path = Pods;
			sourceTree = "<group>";
		};
		EFD2610AF659EEDBFDA30743 /* Frameworks */ = {
			isa = PBXGroup;
			children = (
				ED682AFB4F5C06991CFC1E71 /* Pods_habit_notes_life_tracker_app.framework */,
			);
			name = Frameworks;
			sourceTree = "<group>";
		};
/* End PBXGroup section */

/* Begin PBXNativeTarget section */
		6DF772C72578095A00BB502D /* habit-notes-life-tracker-app */ = {
			isa = PBXNativeTarget;
			buildConfigurationList = 6DF772DC2578095C00BB502D /* Build configuration list for PBXNativeTarget "habit-notes-life-tracker-app" */;
			buildPhases = (
				679498A4407B26F49E94F6F2 /* [CP] Check Pods Manifest.lock */,
				6DF772C42578095A00BB502D /* Sources */,
				6DF772C52578095A00BB502D /* Frameworks */,
				6DF772C62578095A00BB502D /* Resources */,
				860224A5DC49828B9946F5BB /* [CP] Embed Pods Frameworks */,
			);
			buildRules = (
			);
			dependencies = (
			);
			name = "habit-notes-life-tracker-app";
			productName = "habit-notes-life-tracker-app";
			productReference = 6DF772C82578095A00BB502D /* habit-notes-life-tracker-app.app */;
			productType = "com.apple.product-type.application";
		};
/* End PBXNativeTarget section */

/* Begin PBXProject section */
		6DF772C02578095A00BB502D /* Project object */ = {
			isa = PBXProject;
			attributes = {
				LastSwiftUpdateCheck = 1170;
				LastUpgradeCheck = 1170;
				ORGANIZATIONNAME = "Rylee Hickman";
				TargetAttributes = {
					6DF772C72578095A00BB502D = {
						CreatedOnToolsVersion = 11.7;
					};
				};
			};
			buildConfigurationList = 6DF772C32578095A00BB502D /* Build configuration list for PBXProject "habit-notes-life-tracker-app" */;
			compatibilityVersion = "Xcode 9.3";
			developmentRegion = en;
			hasScannedForEncodings = 0;
			knownRegions = (
				en,
				Base,
			);
			mainGroup = 6DF772BF2578095A00BB502D;
			productRefGroup = 6DF772C92578095A00BB502D /* Products */;
			projectDirPath = "";
			projectRoot = "";
			targets = (
				6DF772C72578095A00BB502D /* habit-notes-life-tracker-app */,
			);
		};
/* End PBXProject section */

/* Begin PBXResourcesBuildPhase section */
		6DF772C62578095A00BB502D /* Resources */ = {
			isa = PBXResourcesBuildPhase;
			buildActionMask = 2147483647;
			files = (
				6DF772D52578095C00BB502D /* Assets.xcassets in Resources */,
			);
			runOnlyForDeploymentPostprocessing = 0;
		};
/* End PBXResourcesBuildPhase section */

/* Begin PBXShellScriptBuildPhase section */
		679498A4407B26F49E94F6F2 /* [CP] Check Pods Manifest.lock */ = {
			isa = PBXShellScriptBuildPhase;
			buildActionMask = 2147483647;
			files = (
			);
			inputFileListPaths = (
			);
			inputPaths = (
				"${PODS_PODFILE_DIR_PATH}/Podfile.lock",
				"${PODS_ROOT}/Manifest.lock",
			);
			name = "[CP] Check Pods Manifest.lock";
			outputFileListPaths = (
			);
			outputPaths = (
				"$(DERIVED_FILE_DIR)/Pods-habit-notes-life-tracker-app-checkManifestLockResult.txt",
			);
			runOnlyForDeploymentPostprocessing = 0;
			shellPath = /bin/sh;
			shellScript = "diff \"${PODS_PODFILE_DIR_PATH}/Podfile.lock\" \"${PODS_ROOT}/Manifest.lock\" > /dev/null\nif [ $? != 0 ] ; then\n    # print error to STDERR\n    echo \"error: The sandbox is not in sync with the Podfile.lock. Run 'pod install' or update your CocoaPods installation.\" >&2\n    exit 1\nfi\n# This output is used by Xcode 'outputs' to avoid re-running this script phase.\necho \"SUCCESS\" > \"${SCRIPT_OUTPUT_FILE_0}\"\n";
			showEnvVarsInLog = 0;
		};
		860224A5DC49828B9946F5BB /* [CP] Embed Pods Frameworks */ = {
			isa = PBXShellScriptBuildPhase;
			buildActionMask = 2147483647;
			files = (
			);
			inputFileListPaths = (
				"${PODS_ROOT}/Target Support Files/Pods-habit-notes-life-tracker-app/Pods-habit-notes-life-tracker-app-frameworks-${CONFIGURATION}-input-files.xcfilelist",
			);
			name = "[CP] Embed Pods Frameworks";
			outputFileListPaths = (
				"${PODS_ROOT}/Target Support Files/Pods-habit-notes-life-tracker-app/Pods-habit-notes-life-tracker-app-frameworks-${CONFIGURATION}-output-files.xcfilelist",
			);
			runOnlyForDeploymentPostprocessing = 0;
			shellPath = /bin/sh;
			shellScript = "\"${PODS_ROOT}/Target Support Files/Pods-habit-notes-life-tracker-app/Pods-habit-notes-life-tracker-app-frameworks.sh\"\n";
			showEnvVarsInLog = 0;
		};
/* End PBXShellScriptBuildPhase section */

/* Begin PBXSourcesBuildPhase section */
		6DF772C42578095A00BB502D /* Sources */ = {
			isa = PBXSourcesBuildPhase;
			buildActionMask = 2147483647;
			files = (
				6D9CB79C257D6D010078D92B /* NetworkManager.swift in Sources */,
				6D9CB79A257D685B0078D92B /* TrackerDetailsViewController.swift in Sources */,
				6DC27DA7257EC74B008F79BC /* AddRecordViewController.swift in Sources */,
				6DF772D02578095A00BB502D /* ViewController.swift in Sources */,
				6DF772CC2578095A00BB502D /* AppDelegate.swift in Sources */,
				706D3C75258039BD008FEC2C /* AddTrackerViewController.swift in Sources */,
				6DF772CE2578095A00BB502D /* SceneDelegate.swift in Sources */,
				6DF772E025780A7600BB502D /* Models.swift in Sources */,
			);
			runOnlyForDeploymentPostprocessing = 0;
		};
/* End PBXSourcesBuildPhase section */

/* Begin XCBuildConfiguration section */
		6DF772DA2578095C00BB502D /* Debug */ = {
			isa = XCBuildConfiguration;
			buildSettings = {
				ALWAYS_SEARCH_USER_PATHS = NO;
				CLANG_ANALYZER_NONNULL = YES;
				CLANG_ANALYZER_NUMBER_OBJECT_CONVERSION = YES_AGGRESSIVE;
				CLANG_CXX_LANGUAGE_STANDARD = "gnu++14";
				CLANG_CXX_LIBRARY = "libc++";
				CLANG_ENABLE_MODULES = YES;
				CLANG_ENABLE_OBJC_ARC = YES;
				CLANG_ENABLE_OBJC_WEAK = YES;
				CLANG_WARN_BLOCK_CAPTURE_AUTORELEASING = YES;
				CLANG_WARN_BOOL_CONVERSION = YES;
				CLANG_WARN_COMMA = YES;
				CLANG_WARN_CONSTANT_CONVERSION = YES;
				CLANG_WARN_DEPRECATED_OBJC_IMPLEMENTATIONS = YES;
				CLANG_WARN_DIRECT_OBJC_ISA_USAGE = YES_ERROR;
				CLANG_WARN_DOCUMENTATION_COMMENTS = YES;
				CLANG_WARN_EMPTY_BODY = YES;
				CLANG_WARN_ENUM_CONVERSION = YES;
				CLANG_WARN_INFINITE_RECURSION = YES;
				CLANG_WARN_INT_CONVERSION = YES;
				CLANG_WARN_NON_LITERAL_NULL_CONVERSION = YES;
				CLANG_WARN_OBJC_IMPLICIT_RETAIN_SELF = YES;
				CLANG_WARN_OBJC_LITERAL_CONVERSION = YES;
				CLANG_WARN_OBJC_ROOT_CLASS = YES_ERROR;
				CLANG_WARN_RANGE_LOOP_ANALYSIS = YES;
				CLANG_WARN_STRICT_PROTOTYPES = YES;
				CLANG_WARN_SUSPICIOUS_MOVE = YES;
				CLANG_WARN_UNGUARDED_AVAILABILITY = YES_AGGRESSIVE;
				CLANG_WARN_UNREACHABLE_CODE = YES;
				CLANG_WARN__DUPLICATE_METHOD_MATCH = YES;
				COPY_PHASE_STRIP = NO;
				DEBUG_INFORMATION_FORMAT = dwarf;
				ENABLE_STRICT_OBJC_MSGSEND = YES;
				ENABLE_TESTABILITY = YES;
				GCC_C_LANGUAGE_STANDARD = gnu11;
				GCC_DYNAMIC_NO_PIC = NO;
				GCC_NO_COMMON_BLOCKS = YES;
				GCC_OPTIMIZATION_LEVEL = 0;
				GCC_PREPROCESSOR_DEFINITIONS = (
					"DEBUG=1",
					"$(inherited)",
				);
				GCC_WARN_64_TO_32_BIT_CONVERSION = YES;
				GCC_WARN_ABOUT_RETURN_TYPE = YES_ERROR;
				GCC_WARN_UNDECLARED_SELECTOR = YES;
				GCC_WARN_UNINITIALIZED_AUTOS = YES_AGGRESSIVE;
				GCC_WARN_UNUSED_FUNCTION = YES;
				GCC_WARN_UNUSED_VARIABLE = YES;
				IPHONEOS_DEPLOYMENT_TARGET = 13.6;
				MTL_ENABLE_DEBUG_INFO = INCLUDE_SOURCE;
				MTL_FAST_MATH = YES;
				ONLY_ACTIVE_ARCH = YES;
				SDKROOT = iphoneos;
				SWIFT_ACTIVE_COMPILATION_CONDITIONS = DEBUG;
				SWIFT_OPTIMIZATION_LEVEL = "-Onone";
			};
			name = Debug;
		};
		6DF772DB2578095C00BB502D /* Release */ = {
			isa = XCBuildConfiguration;
			buildSettings = {
				ALWAYS_SEARCH_USER_PATHS = NO;
				CLANG_ANALYZER_NONNULL = YES;
				CLANG_ANALYZER_NUMBER_OBJECT_CONVERSION = YES_AGGRESSIVE;
				CLANG_CXX_LANGUAGE_STANDARD = "gnu++14";
				CLANG_CXX_LIBRARY = "libc++";
				CLANG_ENABLE_MODULES = YES;
				CLANG_ENABLE_OBJC_ARC = YES;
				CLANG_ENABLE_OBJC_WEAK = YES;
				CLANG_WARN_BLOCK_CAPTURE_AUTORELEASING = YES;
				CLANG_WARN_BOOL_CONVERSION = YES;
				CLANG_WARN_COMMA = YES;
				CLANG_WARN_CONSTANT_CONVERSION = YES;
				CLANG_WARN_DEPRECATED_OBJC_IMPLEMENTATIONS = YES;
				CLANG_WARN_DIRECT_OBJC_ISA_USAGE = YES_ERROR;
				CLANG_WARN_DOCUMENTATION_COMMENTS = YES;
				CLANG_WARN_EMPTY_BODY = YES;
				CLANG_WARN_ENUM_CONVERSION = YES;
				CLANG_WARN_INFINITE_RECURSION = YES;
				CLANG_WARN_INT_CONVERSION = YES;
				CLANG_WARN_NON_LITERAL_NULL_CONVERSION = YES;
				CLANG_WARN_OBJC_IMPLICIT_RETAIN_SELF = YES;
				CLANG_WARN_OBJC_LITERAL_CONVERSION = YES;
				CLANG_WARN_OBJC_ROOT_CLASS = YES_ERROR;
				CLANG_WARN_RANGE_LOOP_ANALYSIS = YES;
				CLANG_WARN_STRICT_PROTOTYPES = YES;
				CLANG_WARN_SUSPICIOUS_MOVE = YES;
				CLANG_WARN_UNGUARDED_AVAILABILITY = YES_AGGRESSIVE;
				CLANG_WARN_UNREACHABLE_CODE = YES;
				CLANG_WARN__DUPLICATE_METHOD_MATCH = YES;
				COPY_PHASE_STRIP = NO;
				DEBUG_INFORMATION_FORMAT = "dwarf-with-dsym";
				ENABLE_NS_ASSERTIONS = NO;
				ENABLE_STRICT_OBJC_MSGSEND = YES;
				GCC_C_LANGUAGE_STANDARD = gnu11;
				GCC_NO_COMMON_BLOCKS = YES;
				GCC_WARN_64_TO_32_BIT_CONVERSION = YES;
				GCC_WARN_ABOUT_RETURN_TYPE = YES_ERROR;
				GCC_WARN_UNDECLARED_SELECTOR = YES;
				GCC_WARN_UNINITIALIZED_AUTOS = YES_AGGRESSIVE;
				GCC_WARN_UNUSED_FUNCTION = YES;
				GCC_WARN_UNUSED_VARIABLE = YES;
				IPHONEOS_DEPLOYMENT_TARGET = 13.6;
				MTL_ENABLE_DEBUG_INFO = NO;
				MTL_FAST_MATH = YES;
				SDKROOT = iphoneos;
				SWIFT_COMPILATION_MODE = wholemodule;
				SWIFT_OPTIMIZATION_LEVEL = "-O";
				VALIDATE_PRODUCT = YES;
			};
			name = Release;
		};
		6DF772DD2578095C00BB502D /* Debug */ = {
			isa = XCBuildConfiguration;
			baseConfigurationReference = 8B54DC42CA8E29AEADAF8F9B /* Pods-habit-notes-life-tracker-app.debug.xcconfig */;
			buildSettings = {
				ASSETCATALOG_COMPILER_APPICON_NAME = AppIcon;
				CODE_SIGN_STYLE = Automatic;
				INFOPLIST_FILE = "habit-notes-life-tracker-app/Info.plist";
				IPHONEOS_DEPLOYMENT_TARGET = 13.6;
				LD_RUNPATH_SEARCH_PATHS = (
					"$(inherited)",
					"@executable_path/Frameworks",
				);
				PRODUCT_BUNDLE_IDENTIFIER = "com.ryleehickman.habit-notes-life-tracker-app";
				PRODUCT_NAME = "$(TARGET_NAME)";
				SWIFT_VERSION = 5.0;
				TARGETED_DEVICE_FAMILY = "1,2";
			};
			name = Debug;
		};
		6DF772DE2578095C00BB502D /* Release */ = {
			isa = XCBuildConfiguration;
			baseConfigurationReference = F575EA3086552CF6F2F35BEC /* Pods-habit-notes-life-tracker-app.release.xcconfig */;
			buildSettings = {
				ASSETCATALOG_COMPILER_APPICON_NAME = AppIcon;
				CODE_SIGN_STYLE = Automatic;
				INFOPLIST_FILE = "habit-notes-life-tracker-app/Info.plist";
				IPHONEOS_DEPLOYMENT_TARGET = 13.6;
				LD_RUNPATH_SEARCH_PATHS = (
					"$(inherited)",
					"@executable_path/Frameworks",
				);
				PRODUCT_BUNDLE_IDENTIFIER = "com.ryleehickman.habit-notes-life-tracker-app";
				PRODUCT_NAME = "$(TARGET_NAME)";
				SWIFT_VERSION = 5.0;
				TARGETED_DEVICE_FAMILY = "1,2";
			};
			name = Release;
		};
/* End XCBuildConfiguration section */

/* Begin XCConfigurationList section */
		6DF772C32578095A00BB502D /* Build configuration list for PBXProject "habit-notes-life-tracker-app" */ = {
			isa = XCConfigurationList;
			buildConfigurations = (
				6DF772DA2578095C00BB502D /* Debug */,
				6DF772DB2578095C00BB502D /* Release */,
			);
			defaultConfigurationIsVisible = 0;
			defaultConfigurationName = Release;
		};
		6DF772DC2578095C00BB502D /* Build configuration list for PBXNativeTarget "habit-notes-life-tracker-app" */ = {
			isa = XCConfigurationList;
			buildConfigurations = (
				6DF772DD2578095C00BB502D /* Debug */,
				6DF772DE2578095C00BB502D /* Release */,
			);
			defaultConfigurationIsVisible = 0;
			defaultConfigurationName = Release;
		};
/* End XCConfigurationList section */
	};
	rootObject = 6DF772C02578095A00BB502D /* Project object */;
}
